// !$*UTF8*$!
{
	archiveVersion = 1;
	classes = {
	};
	objectVersion = 55;
	objects = {

/* Begin PBXBuildFile section */
		7E5732F4281EF39A0080485F /* Tests_iOS.swift in Sources */ = {isa = PBXBuildFile; fileRef = 7E5732F3281EF39A0080485F /* Tests_iOS.swift */; };
		7E5732F6281EF39A0080485F /* Tests_iOSLaunchTests.swift in Sources */ = {isa = PBXBuildFile; fileRef = 7E5732F5281EF39A0080485F /* Tests_iOSLaunchTests.swift */; };
		7E573300281EF39A0080485F /* Tests_macOS.swift in Sources */ = {isa = PBXBuildFile; fileRef = 7E5732FF281EF39A0080485F /* Tests_macOS.swift */; };
		7E573302281EF39A0080485F /* Tests_macOSLaunchTests.swift in Sources */ = {isa = PBXBuildFile; fileRef = 7E573301281EF39A0080485F /* Tests_macOSLaunchTests.swift */; };
		7E573303281EF39A0080485F /* MobileMandiApp.swift in Sources */ = {isa = PBXBuildFile; fileRef = 7E5732DB281EF3990080485F /* MobileMandiApp.swift */; };
		7E573304281EF39A0080485F /* MobileMandiApp.swift in Sources */ = {isa = PBXBuildFile; fileRef = 7E5732DB281EF3990080485F /* MobileMandiApp.swift */; };
		7E573305281EF39A0080485F /* CropsView.swift in Sources */ = {isa = PBXBuildFile; fileRef = 7E5732DC281EF3990080485F /* CropsView.swift */; };
		7E573306281EF39A0080485F /* CropsView.swift in Sources */ = {isa = PBXBuildFile; fileRef = 7E5732DC281EF3990080485F /* CropsView.swift */; };
		7E573307281EF39A0080485F /* Assets.xcassets in Resources */ = {isa = PBXBuildFile; fileRef = 7E5732DD281EF39A0080485F /* Assets.xcassets */; };
		7E573308281EF39A0080485F /* Assets.xcassets in Resources */ = {isa = PBXBuildFile; fileRef = 7E5732DD281EF39A0080485F /* Assets.xcassets */; };
		7E57331D281EF49D0080485F /* FirebaseAnalytics in Frameworks */ = {isa = PBXBuildFile; productRef = 7E57331C281EF49D0080485F /* FirebaseAnalytics */; };
		7E57331F281EF49D0080485F /* FirebaseDatabase in Frameworks */ = {isa = PBXBuildFile; productRef = 7E57331E281EF49D0080485F /* FirebaseDatabase */; };
		7E573321281EF49D0080485F /* FirebaseDatabaseSwift-Beta in Frameworks */ = {isa = PBXBuildFile; productRef = 7E573320281EF49D0080485F /* FirebaseDatabaseSwift-Beta */; };
		7E573329281EF63D0080485F /* DataViewModel.swift in Sources */ = {isa = PBXBuildFile; fileRef = 7E573328281EF63D0080485F /* DataViewModel.swift */; };
		7E57332A281EF63D0080485F /* DataViewModel.swift in Sources */ = {isa = PBXBuildFile; fileRef = 7E573328281EF63D0080485F /* DataViewModel.swift */; };
		7E57332F281F12D50080485F /* GoogleService-Info.plist in Resources */ = {isa = PBXBuildFile; fileRef = 7E57332E281F12D50080485F /* GoogleService-Info.plist */; };
		7E573330281F12D50080485F /* GoogleService-Info.plist in Resources */ = {isa = PBXBuildFile; fileRef = 7E57332E281F12D50080485F /* GoogleService-Info.plist */; };
		7E573332281F34A10080485F /* ContentView.swift in Sources */ = {isa = PBXBuildFile; fileRef = 7E573331281F34A10080485F /* ContentView.swift */; };
		7E573333281F34A10080485F /* ContentView.swift in Sources */ = {isa = PBXBuildFile; fileRef = 7E573331281F34A10080485F /* ContentView.swift */; };
		7E573335281F351B0080485F /* MapView.swift in Sources */ = {isa = PBXBuildFile; fileRef = 7E573334281F351B0080485F /* MapView.swift */; };
		7E573336281F351B0080485F /* MapView.swift in Sources */ = {isa = PBXBuildFile; fileRef = 7E573334281F351B0080485F /* MapView.swift */; };
		7E98D980281FCD4900BAAFC5 /* Price.swift in Sources */ = {isa = PBXBuildFile; fileRef = 7E98D97F281FCD4900BAAFC5 /* Price.swift */; };
		7E98D981281FCD4900BAAFC5 /* Price.swift in Sources */ = {isa = PBXBuildFile; fileRef = 7E98D97F281FCD4900BAAFC5 /* Price.swift */; };
		7E98D983281FCD6D00BAAFC5 /* Market.swift in Sources */ = {isa = PBXBuildFile; fileRef = 7E98D982281FCD6D00BAAFC5 /* Market.swift */; };
		7E98D984281FCD6D00BAAFC5 /* Market.swift in Sources */ = {isa = PBXBuildFile; fileRef = 7E98D982281FCD6D00BAAFC5 /* Market.swift */; };
		7E98D98B281FEFCB00BAAFC5 /* MapViewModel.swift in Sources */ = {isa = PBXBuildFile; fileRef = 7E98D98A281FEFCB00BAAFC5 /* MapViewModel.swift */; };
		7E98D98C281FEFCB00BAAFC5 /* MapViewModel.swift in Sources */ = {isa = PBXBuildFile; fileRef = 7E98D98A281FEFCB00BAAFC5 /* MapViewModel.swift */; };
		7E98D98E28200BA100BAAFC5 /* MarketsView.swift in Sources */ = {isa = PBXBuildFile; fileRef = 7E98D98D28200BA100BAAFC5 /* MarketsView.swift */; };
		7E98D98F28200BA100BAAFC5 /* MarketsView.swift in Sources */ = {isa = PBXBuildFile; fileRef = 7E98D98D28200BA100BAAFC5 /* MarketsView.swift */; };
		7E98D99128200CFF00BAAFC5 /* Utils.swift in Sources */ = {isa = PBXBuildFile; fileRef = 7E98D99028200CFF00BAAFC5 /* Utils.swift */; };
		7E98D99228200CFF00BAAFC5 /* Utils.swift in Sources */ = {isa = PBXBuildFile; fileRef = 7E98D99028200CFF00BAAFC5 /* Utils.swift */; };
/* End PBXBuildFile section */

/* Begin PBXContainerItemProxy section */
		7E5732F0281EF39A0080485F /* PBXContainerItemProxy */ = {
			isa = PBXContainerItemProxy;
			containerPortal = 7E5732D6281EF3980080485F /* Project object */;
			proxyType = 1;
			remoteGlobalIDString = 7E5732E1281EF39A0080485F;
			remoteInfo = "MobileMandi (iOS)";
		};
		7E5732FC281EF39A0080485F /* PBXContainerItemProxy */ = {
			isa = PBXContainerItemProxy;
			containerPortal = 7E5732D6281EF3980080485F /* Project object */;
			proxyType = 1;
			remoteGlobalIDString = 7E5732E7281EF39A0080485F;
			remoteInfo = "MobileMandi (macOS)";
		};
/* End PBXContainerItemProxy section */

/* Begin PBXFileReference section */
		7E5732DB281EF3990080485F /* MobileMandiApp.swift */ = {isa = PBXFileReference; lastKnownFileType = sourcecode.swift; path = MobileMandiApp.swift; sourceTree = "<group>"; };
		7E5732DC281EF3990080485F /* CropsView.swift */ = {isa = PBXFileReference; lastKnownFileType = sourcecode.swift; path = CropsView.swift; sourceTree = "<group>"; };
		7E5732DD281EF39A0080485F /* Assets.xcassets */ = {isa = PBXFileReference; lastKnownFileType = folder.assetcatalog; path = Assets.xcassets; sourceTree = "<group>"; };
		7E5732E2281EF39A0080485F /* MobileMandi.app */ = {isa = PBXFileReference; explicitFileType = wrapper.application; includeInIndex = 0; path = MobileMandi.app; sourceTree = BUILT_PRODUCTS_DIR; };
		7E5732E8281EF39A0080485F /* MobileMandi.app */ = {isa = PBXFileReference; explicitFileType = wrapper.application; includeInIndex = 0; path = MobileMandi.app; sourceTree = BUILT_PRODUCTS_DIR; };
		7E5732EA281EF39A0080485F /* macOS.entitlements */ = {isa = PBXFileReference; lastKnownFileType = text.plist.entitlements; path = macOS.entitlements; sourceTree = "<group>"; };
		7E5732EF281EF39A0080485F /* Tests iOS.xctest */ = {isa = PBXFileReference; explicitFileType = wrapper.cfbundle; includeInIndex = 0; path = "Tests iOS.xctest"; sourceTree = BUILT_PRODUCTS_DIR; };
		7E5732F3281EF39A0080485F /* Tests_iOS.swift */ = {isa = PBXFileReference; lastKnownFileType = sourcecode.swift; path = Tests_iOS.swift; sourceTree = "<group>"; };
		7E5732F5281EF39A0080485F /* Tests_iOSLaunchTests.swift */ = {isa = PBXFileReference; lastKnownFileType = sourcecode.swift; path = Tests_iOSLaunchTests.swift; sourceTree = "<group>"; };
		7E5732FB281EF39A0080485F /* Tests macOS.xctest */ = {isa = PBXFileReference; explicitFileType = wrapper.cfbundle; includeInIndex = 0; path = "Tests macOS.xctest"; sourceTree = BUILT_PRODUCTS_DIR; };
		7E5732FF281EF39A0080485F /* Tests_macOS.swift */ = {isa = PBXFileReference; lastKnownFileType = sourcecode.swift; path = Tests_macOS.swift; sourceTree = "<group>"; };
		7E573301281EF39A0080485F /* Tests_macOSLaunchTests.swift */ = {isa = PBXFileReference; lastKnownFileType = sourcecode.swift; path = Tests_macOSLaunchTests.swift; sourceTree = "<group>"; };
		7E573328281EF63D0080485F /* DataViewModel.swift */ = {isa = PBXFileReference; lastKnownFileType = sourcecode.swift; path = DataViewModel.swift; sourceTree = "<group>"; };
		7E57332E281F12D50080485F /* GoogleService-Info.plist */ = {isa = PBXFileReference; lastKnownFileType = text.plist; path = "GoogleService-Info.plist"; sourceTree = SOURCE_ROOT; };
		7E573331281F34A10080485F /* ContentView.swift */ = {isa = PBXFileReference; lastKnownFileType = sourcecode.swift; path = ContentView.swift; sourceTree = "<group>"; };
		7E573334281F351B0080485F /* MapView.swift */ = {isa = PBXFileReference; lastKnownFileType = sourcecode.swift; path = MapView.swift; sourceTree = "<group>"; };
		7E98D97F281FCD4900BAAFC5 /* Price.swift */ = {isa = PBXFileReference; lastKnownFileType = sourcecode.swift; path = Price.swift; sourceTree = "<group>"; };
		7E98D982281FCD6D00BAAFC5 /* Market.swift */ = {isa = PBXFileReference; lastKnownFileType = sourcecode.swift; path = Market.swift; sourceTree = "<group>"; };
		7E98D989281FD3A700BAAFC5 /* MobileMandi--iOS--Info.plist */ = {isa = PBXFileReference; lastKnownFileType = text.plist; path = "MobileMandi--iOS--Info.plist"; sourceTree = "<group>"; };
		7E98D98A281FEFCB00BAAFC5 /* MapViewModel.swift */ = {isa = PBXFileReference; lastKnownFileType = sourcecode.swift; path = MapViewModel.swift; sourceTree = "<group>"; };
		7E98D98D28200BA100BAAFC5 /* MarketsView.swift */ = {isa = PBXFileReference; lastKnownFileType = sourcecode.swift; path = MarketsView.swift; sourceTree = "<group>"; };
		7E98D99028200CFF00BAAFC5 /* Utils.swift */ = {isa = PBXFileReference; lastKnownFileType = sourcecode.swift; path = Utils.swift; sourceTree = "<group>"; };
/* End PBXFileReference section */

/* Begin PBXFrameworksBuildPhase section */
		7E5732DF281EF39A0080485F /* Frameworks */ = {
			isa = PBXFrameworksBuildPhase;
			buildActionMask = 2147483647;
			files = (
				7E573321281EF49D0080485F /* FirebaseDatabaseSwift-Beta in Frameworks */,
				7E57331F281EF49D0080485F /* FirebaseDatabase in Frameworks */,
				7E57331D281EF49D0080485F /* FirebaseAnalytics in Frameworks */,
			);
			runOnlyForDeploymentPostprocessing = 0;
		};
		7E5732E5281EF39A0080485F /* Frameworks */ = {
			isa = PBXFrameworksBuildPhase;
			buildActionMask = 2147483647;
			files = (
			);
			runOnlyForDeploymentPostprocessing = 0;
		};
		7E5732EC281EF39A0080485F /* Frameworks */ = {
			isa = PBXFrameworksBuildPhase;
			buildActionMask = 2147483647;
			files = (
			);
			runOnlyForDeploymentPostprocessing = 0;
		};
		7E5732F8281EF39A0080485F /* Frameworks */ = {
			isa = PBXFrameworksBuildPhase;
			buildActionMask = 2147483647;
			files = (
			);
			runOnlyForDeploymentPostprocessing = 0;
		};
/* End PBXFrameworksBuildPhase section */

/* Begin PBXGroup section */
		7E5732D5281EF3980080485F = {
			isa = PBXGroup;
			children = (
				7E98D989281FD3A700BAAFC5 /* MobileMandi--iOS--Info.plist */,
				7E5732DA281EF3990080485F /* Shared */,
				7E5732E9281EF39A0080485F /* macOS */,
				7E5732F2281EF39A0080485F /* Tests iOS */,
				7E5732FE281EF39A0080485F /* Tests macOS */,
				7E5732E3281EF39A0080485F /* Products */,
			);
			sourceTree = "<group>";
		};
		7E5732DA281EF3990080485F /* Shared */ = {
			isa = PBXGroup;
			children = (
				7E5732DD281EF39A0080485F /* Assets.xcassets */,
				7E57332E281F12D50080485F /* GoogleService-Info.plist */,
				7E5732DB281EF3990080485F /* MobileMandiApp.swift */,
				7E98D987281FCEAC00BAAFC5 /* Views */,
				7E98D986281FCEA100BAAFC5 /* ViewModels */,
				7E98D985281FCE9700BAAFC5 /* Models */,
				7E98D99028200CFF00BAAFC5 /* Utils.swift */,
			);
			path = Shared;
			sourceTree = "<group>";
		};
		7E5732E3281EF39A0080485F /* Products */ = {
			isa = PBXGroup;
			children = (
				7E5732E2281EF39A0080485F /* MobileMandi.app */,
				7E5732E8281EF39A0080485F /* MobileMandi.app */,
				7E5732EF281EF39A0080485F /* Tests iOS.xctest */,
				7E5732FB281EF39A0080485F /* Tests macOS.xctest */,
			);
			name = Products;
			sourceTree = "<group>";
		};
		7E5732E9281EF39A0080485F /* macOS */ = {
			isa = PBXGroup;
			children = (
				7E5732EA281EF39A0080485F /* macOS.entitlements */,
			);
			path = macOS;
			sourceTree = "<group>";
		};
		7E5732F2281EF39A0080485F /* Tests iOS */ = {
			isa = PBXGroup;
			children = (
				7E5732F3281EF39A0080485F /* Tests_iOS.swift */,
				7E5732F5281EF39A0080485F /* Tests_iOSLaunchTests.swift */,
			);
			path = "Tests iOS";
			sourceTree = "<group>";
		};
		7E5732FE281EF39A0080485F /* Tests macOS */ = {
			isa = PBXGroup;
			children = (
				7E5732FF281EF39A0080485F /* Tests_macOS.swift */,
				7E573301281EF39A0080485F /* Tests_macOSLaunchTests.swift */,
			);
			path = "Tests macOS";
			sourceTree = "<group>";
		};
		7E98D985281FCE9700BAAFC5 /* Models */ = {
			isa = PBXGroup;
			children = (
				7E98D97F281FCD4900BAAFC5 /* Price.swift */,
				7E98D982281FCD6D00BAAFC5 /* Market.swift */,
			);
			path = Models;
			sourceTree = "<group>";
		};
		7E98D986281FCEA100BAAFC5 /* ViewModels */ = {
			isa = PBXGroup;
			children = (
				7E573328281EF63D0080485F /* DataViewModel.swift */,
				7E98D98A281FEFCB00BAAFC5 /* MapViewModel.swift */,
			);
			path = ViewModels;
			sourceTree = "<group>";
		};
		7E98D987281FCEAC00BAAFC5 /* Views */ = {
			isa = PBXGroup;
			children = (
				7E573331281F34A10080485F /* ContentView.swift */,
				7E5732DC281EF3990080485F /* CropsView.swift */,
				7E98D98D28200BA100BAAFC5 /* MarketsView.swift */,
				7E573334281F351B0080485F /* MapView.swift */,
			);
			path = Views;
			sourceTree = "<group>";
		};
/* End PBXGroup section */

/* Begin PBXNativeTarget section */
		7E5732E1281EF39A0080485F /* MobileMandi (iOS) */ = {
			isa = PBXNativeTarget;
			buildConfigurationList = 7E57330B281EF39A0080485F /* Build configuration list for PBXNativeTarget "MobileMandi (iOS)" */;
			buildPhases = (
				7E5732DE281EF39A0080485F /* Sources */,
				7E5732DF281EF39A0080485F /* Frameworks */,
				7E5732E0281EF39A0080485F /* Resources */,
			);
			buildRules = (
			);
			dependencies = (
			);
			name = "MobileMandi (iOS)";
			packageProductDependencies = (
				7E57331C281EF49D0080485F /* FirebaseAnalytics */,
				7E57331E281EF49D0080485F /* FirebaseDatabase */,
				7E573320281EF49D0080485F /* FirebaseDatabaseSwift-Beta */,
			);
			productName = "MobileMandi (iOS)";
			productReference = 7E5732E2281EF39A0080485F /* MobileMandi.app */;
			productType = "com.apple.product-type.application";
		};
		7E5732E7281EF39A0080485F /* MobileMandi (macOS) */ = {
			isa = PBXNativeTarget;
			buildConfigurationList = 7E57330E281EF39A0080485F /* Build configuration list for PBXNativeTarget "MobileMandi (macOS)" */;
			buildPhases = (
				7E5732E4281EF39A0080485F /* Sources */,
				7E5732E5281EF39A0080485F /* Frameworks */,
				7E5732E6281EF39A0080485F /* Resources */,
			);
			buildRules = (
			);
			dependencies = (
			);
			name = "MobileMandi (macOS)";
			productName = "MobileMandi (macOS)";
			productReference = 7E5732E8281EF39A0080485F /* MobileMandi.app */;
			productType = "com.apple.product-type.application";
		};
		7E5732EE281EF39A0080485F /* Tests iOS */ = {
			isa = PBXNativeTarget;
			buildConfigurationList = 7E573311281EF39A0080485F /* Build configuration list for PBXNativeTarget "Tests iOS" */;
			buildPhases = (
				7E5732EB281EF39A0080485F /* Sources */,
				7E5732EC281EF39A0080485F /* Frameworks */,
				7E5732ED281EF39A0080485F /* Resources */,
			);
			buildRules = (
			);
			dependencies = (
				7E5732F1281EF39A0080485F /* PBXTargetDependency */,
			);
			name = "Tests iOS";
			productName = "Tests iOS";
			productReference = 7E5732EF281EF39A0080485F /* Tests iOS.xctest */;
			productType = "com.apple.product-type.bundle.ui-testing";
		};
		7E5732FA281EF39A0080485F /* Tests macOS */ = {
			isa = PBXNativeTarget;
			buildConfigurationList = 7E573314281EF39A0080485F /* Build configuration list for PBXNativeTarget "Tests macOS" */;
			buildPhases = (
				7E5732F7281EF39A0080485F /* Sources */,
				7E5732F8281EF39A0080485F /* Frameworks */,
				7E5732F9281EF39A0080485F /* Resources */,
			);
			buildRules = (
			);
			dependencies = (
				7E5732FD281EF39A0080485F /* PBXTargetDependency */,
			);
			name = "Tests macOS";
			productName = "Tests macOS";
			productReference = 7E5732FB281EF39A0080485F /* Tests macOS.xctest */;
			productType = "com.apple.product-type.bundle.ui-testing";
		};
/* End PBXNativeTarget section */

/* Begin PBXProject section */
		7E5732D6281EF3980080485F /* Project object */ = {
			isa = PBXProject;
			attributes = {
				BuildIndependentTargetsInParallel = 1;
				LastSwiftUpdateCheck = 1330;
				LastUpgradeCheck = 1330;
				TargetAttributes = {
					7E5732E1281EF39A0080485F = {
						CreatedOnToolsVersion = 13.3.1;
					};
					7E5732E7281EF39A0080485F = {
						CreatedOnToolsVersion = 13.3.1;
					};
					7E5732EE281EF39A0080485F = {
						CreatedOnToolsVersion = 13.3.1;
						TestTargetID = 7E5732E1281EF39A0080485F;
					};
					7E5732FA281EF39A0080485F = {
						CreatedOnToolsVersion = 13.3.1;
						TestTargetID = 7E5732E7281EF39A0080485F;
					};
				};
			};
			buildConfigurationList = 7E5732D9281EF3980080485F /* Build configuration list for PBXProject "MobileMandi" */;
			compatibilityVersion = "Xcode 13.0";
			developmentRegion = en;
			hasScannedForEncodings = 0;
			knownRegions = (
				en,
				Base,
			);
			mainGroup = 7E5732D5281EF3980080485F;
			packageReferences = (
				7E57331B281EF49D0080485F /* XCRemoteSwiftPackageReference "firebase-ios-sdk" */,
			);
			productRefGroup = 7E5732E3281EF39A0080485F /* Products */;
			projectDirPath = "";
			projectRoot = "";
			targets = (
				7E5732E1281EF39A0080485F /* MobileMandi (iOS) */,
				7E5732E7281EF39A0080485F /* MobileMandi (macOS) */,
				7E5732EE281EF39A0080485F /* Tests iOS */,
				7E5732FA281EF39A0080485F /* Tests macOS */,
			);
		};
/* End PBXProject section */

/* Begin PBXResourcesBuildPhase section */
		7E5732E0281EF39A0080485F /* Resources */ = {
			isa = PBXResourcesBuildPhase;
			buildActionMask = 2147483647;
			files = (
				7E573307281EF39A0080485F /* Assets.xcassets in Resources */,
				7E57332F281F12D50080485F /* GoogleService-Info.plist in Resources */,
			);
			runOnlyForDeploymentPostprocessing = 0;
		};
		7E5732E6281EF39A0080485F /* Resources */ = {
			isa = PBXResourcesBuildPhase;
			buildActionMask = 2147483647;
			files = (
				7E573308281EF39A0080485F /* Assets.xcassets in Resources */,
				7E573330281F12D50080485F /* GoogleService-Info.plist in Resources */,
			);
			runOnlyForDeploymentPostprocessing = 0;
		};
		7E5732ED281EF39A0080485F /* Resources */ = {
			isa = PBXResourcesBuildPhase;
			buildActionMask = 2147483647;
			files = (
			);
			runOnlyForDeploymentPostprocessing = 0;
		};
		7E5732F9281EF39A0080485F /* Resources */ = {
			isa = PBXResourcesBuildPhase;
			buildActionMask = 2147483647;
			files = (
			);
			runOnlyForDeploymentPostprocessing = 0;
		};
/* End PBXResourcesBuildPhase section */

/* Begin PBXSourcesBuildPhase section */
		7E5732DE281EF39A0080485F /* Sources */ = {
			isa = PBXSourcesBuildPhase;
			buildActionMask = 2147483647;
			files = (
				7E98D98E28200BA100BAAFC5 /* MarketsView.swift in Sources */,
				7E573305281EF39A0080485F /* CropsView.swift in Sources */,
				7E573329281EF63D0080485F /* DataViewModel.swift in Sources */,
				7E98D983281FCD6D00BAAFC5 /* Market.swift in Sources */,
				7E573335281F351B0080485F /* MapView.swift in Sources */,
				7E98D99128200CFF00BAAFC5 /* Utils.swift in Sources */,
				7E573332281F34A10080485F /* ContentView.swift in Sources */,
				7E573303281EF39A0080485F /* MobileMandiApp.swift in Sources */,
				7E98D980281FCD4900BAAFC5 /* Price.swift in Sources */,
				7E98D98B281FEFCB00BAAFC5 /* MapViewModel.swift in Sources */,
			);
			runOnlyForDeploymentPostprocessing = 0;
		};
		7E5732E4281EF39A0080485F /* Sources */ = {
			isa = PBXSourcesBuildPhase;
			buildActionMask = 2147483647;
			files = (
				7E98D98F28200BA100BAAFC5 /* MarketsView.swift in Sources */,
				7E573306281EF39A0080485F /* CropsView.swift in Sources */,
				7E57332A281EF63D0080485F /* DataViewModel.swift in Sources */,
				7E98D984281FCD6D00BAAFC5 /* Market.swift in Sources */,
				7E573336281F351B0080485F /* MapView.swift in Sources */,
				7E98D99228200CFF00BAAFC5 /* Utils.swift in Sources */,
				7E573333281F34A10080485F /* ContentView.swift in Sources */,
				7E573304281EF39A0080485F /* MobileMandiApp.swift in Sources */,
				7E98D981281FCD4900BAAFC5 /* Price.swift in Sources */,
				7E98D98C281FEFCB00BAAFC5 /* MapViewModel.swift in Sources */,
			);
			runOnlyForDeploymentPostprocessing = 0;
		};
		7E5732EB281EF39A0080485F /* Sources */ = {
			isa = PBXSourcesBuildPhase;
			buildActionMask = 2147483647;
			files = (
				7E5732F6281EF39A0080485F /* Tests_iOSLaunchTests.swift in Sources */,
				7E5732F4281EF39A0080485F /* Tests_iOS.swift in Sources */,
			);
			runOnlyForDeploymentPostprocessing = 0;
		};
		7E5732F7281EF39A0080485F /* Sources */ = {
			isa = PBXSourcesBuildPhase;
			buildActionMask = 2147483647;
			files = (
				7E573302281EF39A0080485F /* Tests_macOSLaunchTests.swift in Sources */,
				7E573300281EF39A0080485F /* Tests_macOS.swift in Sources */,
			);
			runOnlyForDeploymentPostprocessing = 0;
		};
/* End PBXSourcesBuildPhase section */

/* Begin PBXTargetDependency section */
		7E5732F1281EF39A0080485F /* PBXTargetDependency */ = {
			isa = PBXTargetDependency;
			target = 7E5732E1281EF39A0080485F /* MobileMandi (iOS) */;
			targetProxy = 7E5732F0281EF39A0080485F /* PBXContainerItemProxy */;
		};
		7E5732FD281EF39A0080485F /* PBXTargetDependency */ = {
			isa = PBXTargetDependency;
			target = 7E5732E7281EF39A0080485F /* MobileMandi (macOS) */;
			targetProxy = 7E5732FC281EF39A0080485F /* PBXContainerItemProxy */;
		};
/* End PBXTargetDependency section */

/* Begin XCBuildConfiguration section */
		7E573309281EF39A0080485F /* Debug */ = {
			isa = XCBuildConfiguration;
			buildSettings = {
				ALWAYS_SEARCH_USER_PATHS = NO;
				CLANG_ANALYZER_NONNULL = YES;
				CLANG_ANALYZER_NUMBER_OBJECT_CONVERSION = YES_AGGRESSIVE;
				CLANG_CXX_LANGUAGE_STANDARD = "gnu++17";
				CLANG_ENABLE_MODULES = YES;
				CLANG_ENABLE_OBJC_ARC = YES;
				CLANG_ENABLE_OBJC_WEAK = YES;
				CLANG_WARN_BLOCK_CAPTURE_AUTORELEASING = YES;
				CLANG_WARN_BOOL_CONVERSION = YES;
				CLANG_WARN_COMMA = YES;
				CLANG_WARN_CONSTANT_CONVERSION = YES;
				CLANG_WARN_DEPRECATED_OBJC_IMPLEMENTATIONS = YES;
				CLANG_WARN_DIRECT_OBJC_ISA_USAGE = YES_ERROR;
				CLANG_WARN_DOCUMENTATION_COMMENTS = YES;
				CLANG_WARN_EMPTY_BODY = YES;
				CLANG_WARN_ENUM_CONVERSION = YES;
				CLANG_WARN_INFINITE_RECURSION = YES;
				CLANG_WARN_INT_CONVERSION = YES;
				CLANG_WARN_NON_LITERAL_NULL_CONVERSION = YES;
				CLANG_WARN_OBJC_IMPLICIT_RETAIN_SELF = YES;
				CLANG_WARN_OBJC_LITERAL_CONVERSION = YES;
				CLANG_WARN_OBJC_ROOT_CLASS = YES_ERROR;
				CLANG_WARN_QUOTED_INCLUDE_IN_FRAMEWORK_HEADER = YES;
				CLANG_WARN_RANGE_LOOP_ANALYSIS = YES;
				CLANG_WARN_STRICT_PROTOTYPES = YES;
				CLANG_WARN_SUSPICIOUS_MOVE = YES;
				CLANG_WARN_UNGUARDED_AVAILABILITY = YES_AGGRESSIVE;
				CLANG_WARN_UNREACHABLE_CODE = YES;
				CLANG_WARN__DUPLICATE_METHOD_MATCH = YES;
				COPY_PHASE_STRIP = NO;
				DEBUG_INFORMATION_FORMAT = dwarf;
				ENABLE_STRICT_OBJC_MSGSEND = YES;
				ENABLE_TESTABILITY = YES;
				GCC_C_LANGUAGE_STANDARD = gnu11;
				GCC_DYNAMIC_NO_PIC = NO;
				GCC_NO_COMMON_BLOCKS = YES;
				GCC_OPTIMIZATION_LEVEL = 0;
				GCC_PREPROCESSOR_DEFINITIONS = (
					"DEBUG=1",
					"$(inherited)",
				);
				GCC_WARN_64_TO_32_BIT_CONVERSION = YES;
				GCC_WARN_ABOUT_RETURN_TYPE = YES_ERROR;
				GCC_WARN_UNDECLARED_SELECTOR = YES;
				GCC_WARN_UNINITIALIZED_AUTOS = YES_AGGRESSIVE;
				GCC_WARN_UNUSED_FUNCTION = YES;
				GCC_WARN_UNUSED_VARIABLE = YES;
				MTL_ENABLE_DEBUG_INFO = INCLUDE_SOURCE;
				MTL_FAST_MATH = YES;
				ONLY_ACTIVE_ARCH = YES;
				SWIFT_ACTIVE_COMPILATION_CONDITIONS = DEBUG;
				SWIFT_OPTIMIZATION_LEVEL = "-Onone";
			};
			name = Debug;
		};
		7E57330A281EF39A0080485F /* Release */ = {
			isa = XCBuildConfiguration;
			buildSettings = {
				ALWAYS_SEARCH_USER_PATHS = NO;
				CLANG_ANALYZER_NONNULL = YES;
				CLANG_ANALYZER_NUMBER_OBJECT_CONVERSION = YES_AGGRESSIVE;
				CLANG_CXX_LANGUAGE_STANDARD = "gnu++17";
				CLANG_ENABLE_MODULES = YES;
				CLANG_ENABLE_OBJC_ARC = YES;
				CLANG_ENABLE_OBJC_WEAK = YES;
				CLANG_WARN_BLOCK_CAPTURE_AUTORELEASING = YES;
				CLANG_WARN_BOOL_CONVERSION = YES;
				CLANG_WARN_COMMA = YES;
				CLANG_WARN_CONSTANT_CONVERSION = YES;
				CLANG_WARN_DEPRECATED_OBJC_IMPLEMENTATIONS = YES;
				CLANG_WARN_DIRECT_OBJC_ISA_USAGE = YES_ERROR;
				CLANG_WARN_DOCUMENTATION_COMMENTS = YES;
				CLANG_WARN_EMPTY_BODY = YES;
				CLANG_WARN_ENUM_CONVERSION = YES;
				CLANG_WARN_INFINITE_RECURSION = YES;
				CLANG_WARN_INT_CONVERSION = YES;
				CLANG_WARN_NON_LITERAL_NULL_CONVERSION = YES;
				CLANG_WARN_OBJC_IMPLICIT_RETAIN_SELF = YES;
				CLANG_WARN_OBJC_LITERAL_CONVERSION = YES;
				CLANG_WARN_OBJC_ROOT_CLASS = YES_ERROR;
				CLANG_WARN_QUOTED_INCLUDE_IN_FRAMEWORK_HEADER = YES;
				CLANG_WARN_RANGE_LOOP_ANALYSIS = YES;
				CLANG_WARN_STRICT_PROTOTYPES = YES;
				CLANG_WARN_SUSPICIOUS_MOVE = YES;
				CLANG_WARN_UNGUARDED_AVAILABILITY = YES_AGGRESSIVE;
				CLANG_WARN_UNREACHABLE_CODE = YES;
				CLANG_WARN__DUPLICATE_METHOD_MATCH = YES;
				COPY_PHASE_STRIP = NO;
				DEBUG_INFORMATION_FORMAT = "dwarf-with-dsym";
				ENABLE_NS_ASSERTIONS = NO;
				ENABLE_STRICT_OBJC_MSGSEND = YES;
				GCC_C_LANGUAGE_STANDARD = gnu11;
				GCC_NO_COMMON_BLOCKS = YES;
				GCC_WARN_64_TO_32_BIT_CONVERSION = YES;
				GCC_WARN_ABOUT_RETURN_TYPE = YES_ERROR;
				GCC_WARN_UNDECLARED_SELECTOR = YES;
				GCC_WARN_UNINITIALIZED_AUTOS = YES_AGGRESSIVE;
				GCC_WARN_UNUSED_FUNCTION = YES;
				GCC_WARN_UNUSED_VARIABLE = YES;
				MTL_ENABLE_DEBUG_INFO = NO;
				MTL_FAST_MATH = YES;
				SWIFT_COMPILATION_MODE = wholemodule;
				SWIFT_OPTIMIZATION_LEVEL = "-O";
			};
			name = Release;
		};
		7E57330C281EF39A0080485F /* Debug */ = {
			isa = XCBuildConfiguration;
			buildSettings = {
				ASSETCATALOG_COMPILER_APPICON_NAME = AppIcon;
				ASSETCATALOG_COMPILER_GLOBAL_ACCENT_COLOR_NAME = AccentColor;
				CODE_SIGN_STYLE = Automatic;
				CURRENT_PROJECT_VERSION = 1;
				DEVELOPMENT_TEAM = TRYGT6HW5A;
				ENABLE_PREVIEWS = YES;
				GENERATE_INFOPLIST_FILE = YES;
				INFOPLIST_FILE = "MobileMandi--iOS--Info.plist";
				INFOPLIST_KEY_NSLocationWhenInUseUsageDescription = "";
				INFOPLIST_KEY_UIApplicationSceneManifest_Generation = YES;
				INFOPLIST_KEY_UIApplicationSupportsIndirectInputEvents = YES;
				INFOPLIST_KEY_UILaunchScreen_Generation = YES;
				INFOPLIST_KEY_UISupportedInterfaceOrientations_iPad = "UIInterfaceOrientationPortrait UIInterfaceOrientationPortraitUpsideDown UIInterfaceOrientationLandscapeLeft UIInterfaceOrientationLandscapeRight";
				INFOPLIST_KEY_UISupportedInterfaceOrientations_iPhone = "UIInterfaceOrientationPortrait UIInterfaceOrientationLandscapeLeft UIInterfaceOrientationLandscapeRight";
				IPHONEOS_DEPLOYMENT_TARGET = 15.4;
				LD_RUNPATH_SEARCH_PATHS = (
					"$(inherited)",
					"@executable_path/Frameworks",
				);
				MARKETING_VERSION = 1.0;
				PRODUCT_BUNDLE_IDENTIFIER = com.jchahal.MobileMandi;
				PRODUCT_NAME = MobileMandi;
				SDKROOT = iphoneos;
				SWIFT_EMIT_LOC_STRINGS = YES;
				SWIFT_VERSION = 5.0;
				TARGETED_DEVICE_FAMILY = "1,2";
			};
			name = Debug;
		};
		7E57330D281EF39A0080485F /* Release */ = {
			isa = XCBuildConfiguration;
			buildSettings = {
				ASSETCATALOG_COMPILER_APPICON_NAME = AppIcon;
				ASSETCATALOG_COMPILER_GLOBAL_ACCENT_COLOR_NAME = AccentColor;
				CODE_SIGN_STYLE = Automatic;
				CURRENT_PROJECT_VERSION = 1;
				DEVELOPMENT_TEAM = TRYGT6HW5A;
				ENABLE_PREVIEWS = YES;
				GENERATE_INFOPLIST_FILE = YES;
				INFOPLIST_FILE = "MobileMandi--iOS--Info.plist";
				INFOPLIST_KEY_NSLocationWhenInUseUsageDescription = "";
				INFOPLIST_KEY_UIApplicationSceneManifest_Generation = YES;
				INFOPLIST_KEY_UIApplicationSupportsIndirectInputEvents = YES;
				INFOPLIST_KEY_UILaunchScreen_Generation = YES;
				INFOPLIST_KEY_UISupportedInterfaceOrientations_iPad = "UIInterfaceOrientationPortrait UIInterfaceOrientationPortraitUpsideDown UIInterfaceOrientationLandscapeLeft UIInterfaceOrientationLandscapeRight";
				INFOPLIST_KEY_UISupportedInterfaceOrientations_iPhone = "UIInterfaceOrientationPortrait UIInterfaceOrientationLandscapeLeft UIInterfaceOrientationLandscapeRight";
				IPHONEOS_DEPLOYMENT_TARGET = 15.4;
				LD_RUNPATH_SEARCH_PATHS = (
					"$(inherited)",
					"@executable_path/Frameworks",
				);
				MARKETING_VERSION = 1.0;
				PRODUCT_BUNDLE_IDENTIFIER = com.jchahal.MobileMandi;
				PRODUCT_NAME = MobileMandi;
				SDKROOT = iphoneos;
				SWIFT_EMIT_LOC_STRINGS = YES;
				SWIFT_VERSION = 5.0;
				TARGETED_DEVICE_FAMILY = "1,2";
				VALIDATE_PRODUCT = YES;
			};
			name = Release;
		};
		7E57330F281EF39A0080485F /* Debug */ = {
			isa = XCBuildConfiguration;
			buildSettings = {
				ASSETCATALOG_COMPILER_APPICON_NAME = AppIcon;
				ASSETCATALOG_COMPILER_GLOBAL_ACCENT_COLOR_NAME = AccentColor;
				CODE_SIGN_ENTITLEMENTS = macOS/macOS.entitlements;
				CODE_SIGN_STYLE = Automatic;
				COMBINE_HIDPI_IMAGES = YES;
				CURRENT_PROJECT_VERSION = 1;
				DEVELOPMENT_TEAM = TRYGT6HW5A;
				ENABLE_HARDENED_RUNTIME = YES;
				ENABLE_PREVIEWS = YES;
				GENERATE_INFOPLIST_FILE = YES;
				INFOPLIST_FILE = "MobileMandi--macOS--Info.plist";
				INFOPLIST_KEY_NSHumanReadableCopyright = "";
				LD_RUNPATH_SEARCH_PATHS = (
					"$(inherited)",
					"@executable_path/../Frameworks",
				);
				MACOSX_DEPLOYMENT_TARGET = 12.2;
				MARKETING_VERSION = 1.0;
				PRODUCT_BUNDLE_IDENTIFIER = com.jchahal.MobileMandi;
				PRODUCT_NAME = MobileMandi;
				SDKROOT = macosx;
				SWIFT_EMIT_LOC_STRINGS = YES;
				SWIFT_VERSION = 5.0;
			};
			name = Debug;
		};
		7E573310281EF39A0080485F /* Release */ = {
			isa = XCBuildConfiguration;
			buildSettings = {
				ASSETCATALOG_COMPILER_APPICON_NAME = AppIcon;
				ASSETCATALOG_COMPILER_GLOBAL_ACCENT_COLOR_NAME = AccentColor;
				CODE_SIGN_ENTITLEMENTS = macOS/macOS.entitlements;
				CODE_SIGN_STYLE = Automatic;
				COMBINE_HIDPI_IMAGES = YES;
				CURRENT_PROJECT_VERSION = 1;
				DEVELOPMENT_TEAM = TRYGT6HW5A;
				ENABLE_HARDENED_RUNTIME = YES;
				ENABLE_PREVIEWS = YES;
				GENERATE_INFOPLIST_FILE = YES;
				INFOPLIST_FILE = "MobileMandi--macOS--Info.plist";
				INFOPLIST_KEY_NSHumanReadableCopyright = "";
				LD_RUNPATH_SEARCH_PATHS = (
					"$(inherited)",
					"@executable_path/../Frameworks",
				);
				MACOSX_DEPLOYMENT_TARGET = 12.2;
				MARKETING_VERSION = 1.0;
				PRODUCT_BUNDLE_IDENTIFIER = com.jchahal.MobileMandi;
				PRODUCT_NAME = MobileMandi;
				SDKROOT = macosx;
				SWIFT_EMIT_LOC_STRINGS = YES;
				SWIFT_VERSION = 5.0;
			};
			name = Release;
		};
		7E573312281EF39A0080485F /* Debug */ = {
			isa = XCBuildConfiguration;
			buildSettings = {
				ALWAYS_EMBED_SWIFT_STANDARD_LIBRARIES = YES;
				CODE_SIGN_STYLE = Automatic;
				CURRENT_PROJECT_VERSION = 1;
				DEVELOPMENT_TEAM = TRYGT6HW5A;
				GENERATE_INFOPLIST_FILE = YES;
				IPHONEOS_DEPLOYMENT_TARGET = 15.4;
				MARKETING_VERSION = 1.0;
				PRODUCT_BUNDLE_IDENTIFIER = "com.jchahal.Tests-iOS";
				PRODUCT_NAME = "$(TARGET_NAME)";
				SDKROOT = iphoneos;
				SWIFT_EMIT_LOC_STRINGS = NO;
				SWIFT_VERSION = 5.0;
				TARGETED_DEVICE_FAMILY = "1,2";
				TEST_TARGET_NAME = "MobileMandi (iOS)";
			};
			name = Debug;
		};
		7E573313281EF39A0080485F /* Release */ = {
			isa = XCBuildConfiguration;
			buildSettings = {
				ALWAYS_EMBED_SWIFT_STANDARD_LIBRARIES = YES;
				CODE_SIGN_STYLE = Automatic;
				CURRENT_PROJECT_VERSION = 1;
				DEVELOPMENT_TEAM = TRYGT6HW5A;
				GENERATE_INFOPLIST_FILE = YES;
				IPHONEOS_DEPLOYMENT_TARGET = 15.4;
				MARKETING_VERSION = 1.0;
				PRODUCT_BUNDLE_IDENTIFIER = "com.jchahal.Tests-iOS";
				PRODUCT_NAME = "$(TARGET_NAME)";
				SDKROOT = iphoneos;
				SWIFT_EMIT_LOC_STRINGS = NO;
				SWIFT_VERSION = 5.0;
				TARGETED_DEVICE_FAMILY = "1,2";
				TEST_TARGET_NAME = "MobileMandi (iOS)";
				VALIDATE_PRODUCT = YES;
			};
			name = Release;
		};
		7E573315281EF39A0080485F /* Debug */ = {
			isa = XCBuildConfiguration;
			buildSettings = {
				ALWAYS_EMBED_SWIFT_STANDARD_LIBRARIES = YES;
				CODE_SIGN_STYLE = Automatic;
				CURRENT_PROJECT_VERSION = 1;
				DEVELOPMENT_TEAM = TRYGT6HW5A;
				GENERATE_INFOPLIST_FILE = YES;
				MACOSX_DEPLOYMENT_TARGET = 12.2;
				MARKETING_VERSION = 1.0;
				PRODUCT_BUNDLE_IDENTIFIER = "com.jchahal.Tests-macOS";
				PRODUCT_NAME = "$(TARGET_NAME)";
				SDKROOT = macosx;
				SWIFT_EMIT_LOC_STRINGS = NO;
				SWIFT_VERSION = 5.0;
				TEST_TARGET_NAME = "MobileMandi (macOS)";
			};
			name = Debug;
		};
		7E573316281EF39A0080485F /* Release */ = {
			isa = XCBuildConfiguration;
			buildSettings = {
				ALWAYS_EMBED_SWIFT_STANDARD_LIBRARIES = YES;
				CODE_SIGN_STYLE = Automatic;
				CURRENT_PROJECT_VERSION = 1;
				DEVELOPMENT_TEAM = TRYGT6HW5A;
				GENERATE_INFOPLIST_FILE = YES;
				MACOSX_DEPLOYMENT_TARGET = 12.2;
				MARKETING_VERSION = 1.0;
				PRODUCT_BUNDLE_IDENTIFIER = "com.jchahal.Tests-macOS";
				PRODUCT_NAME = "$(TARGET_NAME)";
				SDKROOT = macosx;
				SWIFT_EMIT_LOC_STRINGS = NO;
				SWIFT_VERSION = 5.0;
				TEST_TARGET_NAME = "MobileMandi (macOS)";
			};
			name = Release;
		};
/* End XCBuildConfiguration section */

/* Begin XCConfigurationList section */
		7E5732D9281EF3980080485F /* Build configuration list for PBXProject "MobileMandi" */ = {
			isa = XCConfigurationList;
			buildConfigurations = (
				7E573309281EF39A0080485F /* Debug */,
				7E57330A281EF39A0080485F /* Release */,
			);
			defaultConfigurationIsVisible = 0;
			defaultConfigurationName = Release;
		};
		7E57330B281EF39A0080485F /* Build configuration list for PBXNativeTarget "MobileMandi (iOS)" */ = {
			isa = XCConfigurationList;
			buildConfigurations = (
				7E57330C281EF39A0080485F /* Debug */,
				7E57330D281EF39A0080485F /* Release */,
			);
			defaultConfigurationIsVisible = 0;
			defaultConfigurationName = Release;
		};
		7E57330E281EF39A0080485F /* Build configuration list for PBXNativeTarget "MobileMandi (macOS)" */ = {
			isa = XCConfigurationList;
			buildConfigurations = (
				7E57330F281EF39A0080485F /* Debug */,
				7E573310281EF39A0080485F /* Release */,
			);
			defaultConfigurationIsVisible = 0;
			defaultConfigurationName = Release;
		};
		7E573311281EF39A0080485F /* Build configuration list for PBXNativeTarget "Tests iOS" */ = {
			isa = XCConfigurationList;
			buildConfigurations = (
				7E573312281EF39A0080485F /* Debug */,
				7E573313281EF39A0080485F /* Release */,
			);
			defaultConfigurationIsVisible = 0;
			defaultConfigurationName = Release;
		};
		7E573314281EF39A0080485F /* Build configuration list for PBXNativeTarget "Tests macOS" */ = {
			isa = XCConfigurationList;
			buildConfigurations = (
				7E573315281EF39A0080485F /* Debug */,
				7E573316281EF39A0080485F /* Release */,
			);
			defaultConfigurationIsVisible = 0;
			defaultConfigurationName = Release;
		};
/* End XCConfigurationList section */

/* Begin XCRemoteSwiftPackageReference section */
		7E57331B281EF49D0080485F /* XCRemoteSwiftPackageReference "firebase-ios-sdk" */ = {
			isa = XCRemoteSwiftPackageReference;
			repositoryURL = "https://github.com/firebase/firebase-ios-sdk";
			requirement = {
				kind = upToNextMajorVersion;
				minimumVersion = 8.0.0;
			};
		};
/* End XCRemoteSwiftPackageReference section */

/* Begin XCSwiftPackageProductDependency section */
		7E57331C281EF49D0080485F /* FirebaseAnalytics */ = {
			isa = XCSwiftPackageProductDependency;
			package = 7E57331B281EF49D0080485F /* XCRemoteSwiftPackageReference "firebase-ios-sdk" */;
			productName = FirebaseAnalytics;
		};
		7E57331E281EF49D0080485F /* FirebaseDatabase */ = {
			isa = XCSwiftPackageProductDependency;
			package = 7E57331B281EF49D0080485F /* XCRemoteSwiftPackageReference "firebase-ios-sdk" */;
			productName = FirebaseDatabase;
		};
		7E573320281EF49D0080485F /* FirebaseDatabaseSwift-Beta */ = {
			isa = XCSwiftPackageProductDependency;
			package = 7E57331B281EF49D0080485F /* XCRemoteSwiftPackageReference "firebase-ios-sdk" */;
			productName = "FirebaseDatabaseSwift-Beta";
		};
/* End XCSwiftPackageProductDependency section */
	};
	rootObject = 7E5732D6281EF3980080485F /* Project object */;
}
